
Microsoft Visual Studio Solution File, Format Version 12.00
# Visual Studio Version 16
VisualStudioVersion = 16.0.30717.126
MinimumVisualStudioVersion = 10.0.40219.1
Project("{FAE04EC0-301F-11D3-BF4B-00C04F79EFBC}") = "SequenciaAbaixo", "SequenciaAbaixo\SequenciaAbaixo.csproj", "{D142D9C1-8417-4C67-8336-2F331E5ED23C}"
EndProject
Global
	GlobalSection(SolutionConfigurationPlatforms) = preSolution
		Debug|Any CPU = Debug|Any CPU
		Release|Any CPU = Release|Any CPU
	EndGlobalSection
	GlobalSection(ProjectConfigurationPlatforms) = postSolution
		{D142D9C1-8417-4C67-8336-2F331E5ED23C}.Debug|Any CPU.ActiveCfg = Debug|Any CPU
		{D142D9C1-8417-4C67-8336-2F331E5ED23C}.Debug|Any CPU.Build.0 = Debug|Any CPU
		{D142D9C1-8417-4C67-8336-2F331E5ED23C}.Release|Any CPU.ActiveCfg = Release|Any CPU
		{D142D9C1-8417-4C67-8336-2F331E5ED23C}.Release|Any CPU.Build.0 = Release|Any CPU
	EndGlobalSection
	GlobalSection(SolutionProperties) = preSolution
		HideSolutionNode = FALSE
	EndGlobalSection
	GlobalSection(ExtensibilityGlobals) = postSolution
		SolutionGuid = {29571074-4651-4232-9105-4F245862E0CF}
	EndGlobalSection
EndGlobal
