
Microsoft Visual Studio Solution File, Format Version 12.00
# Visual Studio Version 16
VisualStudioVersion = 16.0.30717.126
MinimumVisualStudioVersion = 10.0.40219.1
Project("{FAE04EC0-301F-11D3-BF4B-00C04F79EFBC}") = "QuadradodsoValores", "QuadradodsoValores\QuadradodsoValores.csproj", "{433E688D-F539-430A-8E9F-07808823D079}"
EndProject
Global
	GlobalSection(SolutionConfigurationPlatforms) = preSolution
		Debug|Any CPU = Debug|Any CPU
		Release|Any CPU = Release|Any CPU
	EndGlobalSection
	GlobalSection(ProjectConfigurationPlatforms) = postSolution
		{433E688D-F539-430A-8E9F-07808823D079}.Debug|Any CPU.ActiveCfg = Debug|Any CPU
		{433E688D-F539-430A-8E9F-07808823D079}.Debug|Any CPU.Build.0 = Debug|Any CPU
		{433E688D-F539-430A-8E9F-07808823D079}.Release|Any CPU.ActiveCfg = Release|Any CPU
		{433E688D-F539-430A-8E9F-07808823D079}.Release|Any CPU.Build.0 = Release|Any CPU
	EndGlobalSection
	GlobalSection(SolutionProperties) = preSolution
		HideSolutionNode = FALSE
	EndGlobalSection
	GlobalSection(ExtensibilityGlobals) = postSolution
		SolutionGuid = {2DFE3AAD-F772-4FC9-B408-51119160B1F4}
	EndGlobalSection
EndGlobal
